
Microsoft Visual Studio Solution File, Format Version 12.00
# Visual Studio Version 17
VisualStudioVersion = 17.0.31903.59
MinimumVisualStudioVersion = 10.0.40219.1
Project("{FAE04EC0-301F-11D3-BF4B-00C04F79EFBC}") = "FileManagementSystem", "FileManagementSystem\FileManagementSystem.csproj", "{A99E6815-2DEE-44D7-8A6D-513ED9AFF34E}"
EndProject
Project("{FAE04EC0-301F-11D3-BF4B-00C04F79EFBC}") = "FileManagementSystem2", "FileManagementSystem2\FileManagementSystem2.csproj", "{A921EA5C-AF55-4F0C-9830-FD96B00E75CE}"
EndProject
Project("{2150E333-8FDC-42A3-9474-1A3956D46DE8}") = "otherConsoleApp", "otherConsoleApp", "{00BC7391-9698-6C8F-F578-74D4F9074BBF}"
EndProject
Project("{FAE04EC0-301F-11D3-BF4B-00C04F79EFBC}") = "ConsoleApp3", "otherConsoleApp\ConsoleApp3\ConsoleApp3.csproj", "{D27F3356-A247-4FF7-88A1-744062C65E9B}"
EndProject
Project("{FAE04EC0-301F-11D3-BF4B-00C04F79EFBC}") = "LINQLearning", "LINQLearning\LINQLearning.csproj", "{3696D883-080B-4646-ABCA-60E128145F9F}"
EndProject
Global
	GlobalSection(SolutionConfigurationPlatforms) = preSolution
		Debug|Any CPU = Debug|Any CPU
		Debug|x64 = Debug|x64
		Debug|x86 = Debug|x86
		Release|Any CPU = Release|Any CPU
		Release|x64 = Release|x64
		Release|x86 = Release|x86
	EndGlobalSection
	GlobalSection(ProjectConfigurationPlatforms) = postSolution
		{A99E6815-2DEE-44D7-8A6D-513ED9AFF34E}.Debug|Any CPU.ActiveCfg = Debug|Any CPU
		{A99E6815-2DEE-44D7-8A6D-513ED9AFF34E}.Debug|Any CPU.Build.0 = Debug|Any CPU
		{A99E6815-2DEE-44D7-8A6D-513ED9AFF34E}.Debug|x64.ActiveCfg = Debug|Any CPU
		{A99E6815-2DEE-44D7-8A6D-513ED9AFF34E}.Debug|x64.Build.0 = Debug|Any CPU
		{A99E6815-2DEE-44D7-8A6D-513ED9AFF34E}.Debug|x86.ActiveCfg = Debug|Any CPU
		{A99E6815-2DEE-44D7-8A6D-513ED9AFF34E}.Debug|x86.Build.0 = Debug|Any CPU
		{A99E6815-2DEE-44D7-8A6D-513ED9AFF34E}.Release|Any CPU.ActiveCfg = Release|Any CPU
		{A99E6815-2DEE-44D7-8A6D-513ED9AFF34E}.Release|Any CPU.Build.0 = Release|Any CPU
		{A99E6815-2DEE-44D7-8A6D-513ED9AFF34E}.Release|x64.ActiveCfg = Release|Any CPU
		{A99E6815-2DEE-44D7-8A6D-513ED9AFF34E}.Release|x64.Build.0 = Release|Any CPU
		{A99E6815-2DEE-44D7-8A6D-513ED9AFF34E}.Release|x86.ActiveCfg = Release|Any CPU
		{A99E6815-2DEE-44D7-8A6D-513ED9AFF34E}.Release|x86.Build.0 = Release|Any CPU
		{A921EA5C-AF55-4F0C-9830-FD96B00E75CE}.Debug|Any CPU.ActiveCfg = Debug|Any CPU
		{A921EA5C-AF55-4F0C-9830-FD96B00E75CE}.Debug|Any CPU.Build.0 = Debug|Any CPU
		{A921EA5C-AF55-4F0C-9830-FD96B00E75CE}.Debug|x64.ActiveCfg = Debug|Any CPU
		{A921EA5C-AF55-4F0C-9830-FD96B00E75CE}.Debug|x64.Build.0 = Debug|Any CPU
		{A921EA5C-AF55-4F0C-9830-FD96B00E75CE}.Debug|x86.ActiveCfg = Debug|Any CPU
		{A921EA5C-AF55-4F0C-9830-FD96B00E75CE}.Debug|x86.Build.0 = Debug|Any CPU
		{A921EA5C-AF55-4F0C-9830-FD96B00E75CE}.Release|Any CPU.ActiveCfg = Release|Any CPU
		{A921EA5C-AF55-4F0C-9830-FD96B00E75CE}.Release|Any CPU.Build.0 = Release|Any CPU
		{A921EA5C-AF55-4F0C-9830-FD96B00E75CE}.Release|x64.ActiveCfg = Release|Any CPU
		{A921EA5C-AF55-4F0C-9830-FD96B00E75CE}.Release|x64.Build.0 = Release|Any CPU
		{A921EA5C-AF55-4F0C-9830-FD96B00E75CE}.Release|x86.ActiveCfg = Release|Any CPU
		{A921EA5C-AF55-4F0C-9830-FD96B00E75CE}.Release|x86.Build.0 = Release|Any CPU
		{D27F3356-A247-4FF7-88A1-744062C65E9B}.Debug|Any CPU.ActiveCfg = Debug|Any CPU
		{D27F3356-A247-4FF7-88A1-744062C65E9B}.Debug|Any CPU.Build.0 = Debug|Any CPU
		{D27F3356-A247-4FF7-88A1-744062C65E9B}.Debug|x64.ActiveCfg = Debug|Any CPU
		{D27F3356-A247-4FF7-88A1-744062C65E9B}.Debug|x64.Build.0 = Debug|Any CPU
		{D27F3356-A247-4FF7-88A1-744062C65E9B}.Debug|x86.ActiveCfg = Debug|Any CPU
		{D27F3356-A247-4FF7-88A1-744062C65E9B}.Debug|x86.Build.0 = Debug|Any CPU
		{D27F3356-A247-4FF7-88A1-744062C65E9B}.Release|Any CPU.ActiveCfg = Release|Any CPU
		{D27F3356-A247-4FF7-88A1-744062C65E9B}.Release|Any CPU.Build.0 = Release|Any CPU
		{D27F3356-A247-4FF7-88A1-744062C65E9B}.Release|x64.ActiveCfg = Release|Any CPU
		{D27F3356-A247-4FF7-88A1-744062C65E9B}.Release|x64.Build.0 = Release|Any CPU
		{D27F3356-A247-4FF7-88A1-744062C65E9B}.Release|x86.ActiveCfg = Release|Any CPU
		{D27F3356-A247-4FF7-88A1-744062C65E9B}.Release|x86.Build.0 = Release|Any CPU
		{3696D883-080B-4646-ABCA-60E128145F9F}.Debug|Any CPU.ActiveCfg = Debug|Any CPU
		{3696D883-080B-4646-ABCA-60E128145F9F}.Debug|Any CPU.Build.0 = Debug|Any CPU
		{3696D883-080B-4646-ABCA-60E128145F9F}.Debug|x64.ActiveCfg = Debug|Any CPU
		{3696D883-080B-4646-ABCA-60E128145F9F}.Debug|x64.Build.0 = Debug|Any CPU
		{3696D883-080B-4646-ABCA-60E128145F9F}.Debug|x86.ActiveCfg = Debug|Any CPU
		{3696D883-080B-4646-ABCA-60E128145F9F}.Debug|x86.Build.0 = Debug|Any CPU
		{3696D883-080B-4646-ABCA-60E128145F9F}.Release|Any CPU.ActiveCfg = Release|Any CPU
		{3696D883-080B-4646-ABCA-60E128145F9F}.Release|Any CPU.Build.0 = Release|Any CPU
		{3696D883-080B-4646-ABCA-60E128145F9F}.Release|x64.ActiveCfg = Release|Any CPU
		{3696D883-080B-4646-ABCA-60E128145F9F}.Release|x64.Build.0 = Release|Any CPU
		{3696D883-080B-4646-ABCA-60E128145F9F}.Release|x86.ActiveCfg = Release|Any CPU
		{3696D883-080B-4646-ABCA-60E128145F9F}.Release|x86.Build.0 = Release|Any CPU
	EndGlobalSection
	GlobalSection(SolutionProperties) = preSolution
		HideSolutionNode = FALSE
	EndGlobalSection
	GlobalSection(NestedProjects) = preSolution
		{D27F3356-A247-4FF7-88A1-744062C65E9B} = {00BC7391-9698-6C8F-F578-74D4F9074BBF}
	EndGlobalSection
EndGlobal
